// !$*UTF8*$!
{
	archiveVersion = 1;
	classes = {
	};
	objectVersion = 55;
	objects = {

/* Begin PBXBuildFile section */
		B2129B51295237B0005B232B /* TagView.swift in Sources */ = {isa = PBXBuildFile; fileRef = B2129B50295237B0005B232B /* TagView.swift */; };
		B2129B5329523A16005B232B /* FriendsView.swift in Sources */ = {isa = PBXBuildFile; fileRef = B2129B5229523A16005B232B /* FriendsView.swift */; };
		B23CAD9A29564B4100025CE5 /* LocalUser+CoreDataClass.swift in Sources */ = {isa = PBXBuildFile; fileRef = B23CAD9829564B4100025CE5 /* LocalUser+CoreDataClass.swift */; };
		B23CAD9B29564B4100025CE5 /* LocalUser+CoreDataProperties.swift in Sources */ = {isa = PBXBuildFile; fileRef = B23CAD9929564B4100025CE5 /* LocalUser+CoreDataProperties.swift */; };
		B23CAD9D29564F4F00025CE5 /* CDDetail.swift in Sources */ = {isa = PBXBuildFile; fileRef = B23CAD9C29564F4F00025CE5 /* CDDetail.swift */; };
		B26F2F4C2951E0ED00C3A5C6 /* Project10_12App.swift in Sources */ = {isa = PBXBuildFile; fileRef = B26F2F4B2951E0ED00C3A5C6 /* Project10_12App.swift */; };
		B26F2F4E2951E0ED00C3A5C6 /* ContentView.swift in Sources */ = {isa = PBXBuildFile; fileRef = B26F2F4D2951E0ED00C3A5C6 /* ContentView.swift */; };
		B26F2F502951E0F000C3A5C6 /* Assets.xcassets in Resources */ = {isa = PBXBuildFile; fileRef = B26F2F4F2951E0F000C3A5C6 /* Assets.xcassets */; };
		B26F2F532951E0F000C3A5C6 /* Preview Assets.xcassets in Resources */ = {isa = PBXBuildFile; fileRef = B26F2F522951E0F000C3A5C6 /* Preview Assets.xcassets */; };
		B26F2F5A2951E1AB00C3A5C6 /* User.swift in Sources */ = {isa = PBXBuildFile; fileRef = B26F2F592951E1AB00C3A5C6 /* User.swift */; };
		B26F2F5C2951E28200C3A5C6 /* UserClass.swift in Sources */ = {isa = PBXBuildFile; fileRef = B26F2F5B2951E28200C3A5C6 /* UserClass.swift */; };
		B26F2F5E2951F8B000C3A5C6 /* DetailView.swift in Sources */ = {isa = PBXBuildFile; fileRef = B26F2F5D2951F8B000C3A5C6 /* DetailView.swift */; };
		B26F2F602951F8BE00C3A5C6 /* UserView.swift in Sources */ = {isa = PBXBuildFile; fileRef = B26F2F5F2951F8BE00C3A5C6 /* UserView.swift */; };
		B2758AE02953522700A07D15 /* UserCore.xcdatamodeld in Sources */ = {isa = PBXBuildFile; fileRef = B2758ADE2953522700A07D15 /* UserCore.xcdatamodeld */; };
/* End PBXBuildFile section */

/* Begin PBXFileReference section */
		B2129B50295237B0005B232B /* TagView.swift */ = {isa = PBXFileReference; lastKnownFileType = sourcecode.swift; path = TagView.swift; sourceTree = "<group>"; };
		B2129B5229523A16005B232B /* FriendsView.swift */ = {isa = PBXFileReference; lastKnownFileType = sourcecode.swift; path = FriendsView.swift; sourceTree = "<group>"; };
		B23CAD9829564B4100025CE5 /* LocalUser+CoreDataClass.swift */ = {isa = PBXFileReference; lastKnownFileType = sourcecode.swift; path = "LocalUser+CoreDataClass.swift"; sourceTree = SOURCE_ROOT; };
		B23CAD9929564B4100025CE5 /* LocalUser+CoreDataProperties.swift */ = {isa = PBXFileReference; lastKnownFileType = sourcecode.swift; path = "LocalUser+CoreDataProperties.swift"; sourceTree = SOURCE_ROOT; };
		B23CAD9C29564F4F00025CE5 /* CDDetail.swift */ = {isa = PBXFileReference; lastKnownFileType = sourcecode.swift; path = CDDetail.swift; sourceTree = "<group>"; };
		B26F2F482951E0ED00C3A5C6 /* Project10-12.app */ = {isa = PBXFileReference; explicitFileType = wrapper.application; includeInIndex = 0; path = "Project10-12.app"; sourceTree = BUILT_PRODUCTS_DIR; };
		B26F2F4B2951E0ED00C3A5C6 /* Project10_12App.swift */ = {isa = PBXFileReference; lastKnownFileType = sourcecode.swift; path = Project10_12App.swift; sourceTree = "<group>"; };
		B26F2F4D2951E0ED00C3A5C6 /* ContentView.swift */ = {isa = PBXFileReference; lastKnownFileType = sourcecode.swift; path = ContentView.swift; sourceTree = "<group>"; };
		B26F2F4F2951E0F000C3A5C6 /* Assets.xcassets */ = {isa = PBXFileReference; lastKnownFileType = folder.assetcatalog; path = Assets.xcassets; sourceTree = "<group>"; };
		B26F2F522951E0F000C3A5C6 /* Preview Assets.xcassets */ = {isa = PBXFileReference; lastKnownFileType = folder.assetcatalog; path = "Preview Assets.xcassets"; sourceTree = "<group>"; };
		B26F2F592951E1AB00C3A5C6 /* User.swift */ = {isa = PBXFileReference; lastKnownFileType = sourcecode.swift; path = User.swift; sourceTree = "<group>"; };
		B26F2F5B2951E28200C3A5C6 /* UserClass.swift */ = {isa = PBXFileReference; lastKnownFileType = sourcecode.swift; path = UserClass.swift; sourceTree = "<group>"; };
		B26F2F5D2951F8B000C3A5C6 /* DetailView.swift */ = {isa = PBXFileReference; lastKnownFileType = sourcecode.swift; path = DetailView.swift; sourceTree = "<group>"; };
		B26F2F5F2951F8BE00C3A5C6 /* UserView.swift */ = {isa = PBXFileReference; lastKnownFileType = sourcecode.swift; path = UserView.swift; sourceTree = "<group>"; };
		B2758ADF2953522700A07D15 /* UserBook.xcdatamodel */ = {isa = PBXFileReference; lastKnownFileType = wrapper.xcdatamodel; path = UserBook.xcdatamodel; sourceTree = "<group>"; };
/* End PBXFileReference section */

/* Begin PBXFrameworksBuildPhase section */
		B26F2F452951E0ED00C3A5C6 /* Frameworks */ = {
			isa = PBXFrameworksBuildPhase;
			buildActionMask = 2147483647;
			files = (
			);
			runOnlyForDeploymentPostprocessing = 0;
		};
/* End PBXFrameworksBuildPhase section */

/* Begin PBXGroup section */
		B26F2F3F2951E0ED00C3A5C6 = {
			isa = PBXGroup;
			children = (
				B26F2F4A2951E0ED00C3A5C6 /* Project10-12 */,
				B26F2F492951E0ED00C3A5C6 /* Products */,
			);
			sourceTree = "<group>";
		};
		B26F2F492951E0ED00C3A5C6 /* Products */ = {
			isa = PBXGroup;
			children = (
				B26F2F482951E0ED00C3A5C6 /* Project10-12.app */,
			);
			name = Products;
			sourceTree = "<group>";
		};
		B26F2F4A2951E0ED00C3A5C6 /* Project10-12 */ = {
			isa = PBXGroup;
			children = (
				B23CAD9829564B4100025CE5 /* LocalUser+CoreDataClass.swift */,
				B23CAD9929564B4100025CE5 /* LocalUser+CoreDataProperties.swift */,
				B26F2F4B2951E0ED00C3A5C6 /* Project10_12App.swift */,
				B26F2F4D2951E0ED00C3A5C6 /* ContentView.swift */,
				B26F2F5D2951F8B000C3A5C6 /* DetailView.swift */,
				B23CAD9C29564F4F00025CE5 /* CDDetail.swift */,
				B2129B5229523A16005B232B /* FriendsView.swift */,
				B2129B50295237B0005B232B /* TagView.swift */,
				B26F2F5F2951F8BE00C3A5C6 /* UserView.swift */,
				B26F2F592951E1AB00C3A5C6 /* User.swift */,
				B26F2F5B2951E28200C3A5C6 /* UserClass.swift */,
				B2758ADE2953522700A07D15 /* UserCore.xcdatamodeld */,
				B26F2F4F2951E0F000C3A5C6 /* Assets.xcassets */,
				B26F2F512951E0F000C3A5C6 /* Preview Content */,
			);
			path = "Project10-12";
			sourceTree = "<group>";
		};
		B26F2F512951E0F000C3A5C6 /* Preview Content */ = {
			isa = PBXGroup;
			children = (
				B26F2F522951E0F000C3A5C6 /* Preview Assets.xcassets */,
			);
			path = "Preview Content";
			sourceTree = "<group>";
		};
/* End PBXGroup section */

/* Begin PBXNativeTarget section */
		B26F2F472951E0ED00C3A5C6 /* Project10-12 */ = {
			isa = PBXNativeTarget;
			buildConfigurationList = B26F2F562951E0F000C3A5C6 /* Build configuration list for PBXNativeTarget "Project10-12" */;
			buildPhases = (
				B26F2F442951E0ED00C3A5C6 /* Sources */,
				B26F2F452951E0ED00C3A5C6 /* Frameworks */,
				B26F2F462951E0ED00C3A5C6 /* Resources */,
			);
			buildRules = (
			);
			dependencies = (
			);
			name = "Project10-12";
			productName = "Project10-12";
			productReference = B26F2F482951E0ED00C3A5C6 /* Project10-12.app */;
			productType = "com.apple.product-type.application";
		};
/* End PBXNativeTarget section */

/* Begin PBXProject section */
		B26F2F402951E0ED00C3A5C6 /* Project object */ = {
			isa = PBXProject;
			attributes = {
				BuildIndependentTargetsInParallel = 1;
				LastSwiftUpdateCheck = 1310;
				LastUpgradeCheck = 1310;
				TargetAttributes = {
					B26F2F472951E0ED00C3A5C6 = {
						CreatedOnToolsVersion = 13.1;
					};
				};
			};
			buildConfigurationList = B26F2F432951E0ED00C3A5C6 /* Build configuration list for PBXProject "Project10-12" */;
			compatibilityVersion = "Xcode 13.0";
			developmentRegion = en;
			hasScannedForEncodings = 0;
			knownRegions = (
				en,
				Base,
			);
			mainGroup = B26F2F3F2951E0ED00C3A5C6;
			productRefGroup = B26F2F492951E0ED00C3A5C6 /* Products */;
			projectDirPath = "";
			projectRoot = "";
			targets = (
				B26F2F472951E0ED00C3A5C6 /* Project10-12 */,
			);
		};
/* End PBXProject section */

/* Begin PBXResourcesBuildPhase section */
		B26F2F462951E0ED00C3A5C6 /* Resources */ = {
			isa = PBXResourcesBuildPhase;
			buildActionMask = 2147483647;
			files = (
				B26F2F532951E0F000C3A5C6 /* Preview Assets.xcassets in Resources */,
				B26F2F502951E0F000C3A5C6 /* Assets.xcassets in Resources */,
			);
			runOnlyForDeploymentPostprocessing = 0;
		};
/* End PBXResourcesBuildPhase section */

/* Begin PBXSourcesBuildPhase section */
		B26F2F442951E0ED00C3A5C6 /* Sources */ = {
			isa = PBXSourcesBuildPhase;
			buildActionMask = 2147483647;
			files = (
				B23CAD9A29564B4100025CE5 /* LocalUser+CoreDataClass.swift in Sources */,
				B26F2F4E2951E0ED00C3A5C6 /* ContentView.swift in Sources */,
				B26F2F602951F8BE00C3A5C6 /* UserView.swift in Sources */,
				B23CAD9D29564F4F00025CE5 /* CDDetail.swift in Sources */,
				B2129B5329523A16005B232B /* FriendsView.swift in Sources */,
				B26F2F4C2951E0ED00C3A5C6 /* Project10_12App.swift in Sources */,
				B26F2F5C2951E28200C3A5C6 /* UserClass.swift in Sources */,
				B23CAD9B29564B4100025CE5 /* LocalUser+CoreDataProperties.swift in Sources */,
				B2129B51295237B0005B232B /* TagView.swift in Sources */,
				B26F2F5E2951F8B000C3A5C6 /* DetailView.swift in Sources */,
				B2758AE02953522700A07D15 /* UserCore.xcdatamodeld in Sources */,
				B26F2F5A2951E1AB00C3A5C6 /* User.swift in Sources */,
			);
			runOnlyForDeploymentPostprocessing = 0;
		};
/* End PBXSourcesBuildPhase section */

/* Begin XCBuildConfiguration section */
		B26F2F542951E0F000C3A5C6 /* Debug */ = {
			isa = XCBuildConfiguration;
			buildSettings = {
				ALWAYS_SEARCH_USER_PATHS = NO;
				CLANG_ANALYZER_NONNULL = YES;
				CLANG_ANALYZER_NUMBER_OBJECT_CONVERSION = YES_AGGRESSIVE;
				CLANG_CXX_LANGUAGE_STANDARD = "gnu++17";
				CLANG_CXX_LIBRARY = "libc++";
				CLANG_ENABLE_MODULES = YES;
				CLANG_ENABLE_OBJC_ARC = YES;
				CLANG_ENABLE_OBJC_WEAK = YES;
				CLANG_WARN_BLOCK_CAPTURE_AUTORELEASING = YES;
				CLANG_WARN_BOOL_CONVERSION = YES;
				CLANG_WARN_COMMA = YES;
				CLANG_WARN_CONSTANT_CONVERSION = YES;
				CLANG_WARN_DEPRECATED_OBJC_IMPLEMENTATIONS = YES;
				CLANG_WARN_DIRECT_OBJC_ISA_USAGE = YES_ERROR;
				CLANG_WARN_DOCUMENTATION_COMMENTS = YES;
				CLANG_WARN_EMPTY_BODY = YES;
				CLANG_WARN_ENUM_CONVERSION = YES;
				CLANG_WARN_INFINITE_RECURSION = YES;
				CLANG_WARN_INT_CONVERSION = YES;
				CLANG_WARN_NON_LITERAL_NULL_CONVERSION = YES;
				CLANG_WARN_OBJC_IMPLICIT_RETAIN_SELF = YES;
				CLANG_WARN_OBJC_LITERAL_CONVERSION = YES;
				CLANG_WARN_OBJC_ROOT_CLASS = YES_ERROR;
				CLANG_WARN_QUOTED_INCLUDE_IN_FRAMEWORK_HEADER = YES;
				CLANG_WARN_RANGE_LOOP_ANALYSIS = YES;
				CLANG_WARN_STRICT_PROTOTYPES = YES;
				CLANG_WARN_SUSPICIOUS_MOVE = YES;
				CLANG_WARN_UNGUARDED_AVAILABILITY = YES_AGGRESSIVE;
				CLANG_WARN_UNREACHABLE_CODE = YES;
				CLANG_WARN__DUPLICATE_METHOD_MATCH = YES;
				COPY_PHASE_STRIP = NO;
				DEBUG_INFORMATION_FORMAT = dwarf;
				ENABLE_STRICT_OBJC_MSGSEND = YES;
				ENABLE_TESTABILITY = YES;
				GCC_C_LANGUAGE_STANDARD = gnu11;
				GCC_DYNAMIC_NO_PIC = NO;
				GCC_NO_COMMON_BLOCKS = YES;
				GCC_OPTIMIZATION_LEVEL = 0;
				GCC_PREPROCESSOR_DEFINITIONS = (
					"DEBUG=1",
					"$(inherited)",
				);
				GCC_WARN_64_TO_32_BIT_CONVERSION = YES;
				GCC_WARN_ABOUT_RETURN_TYPE = YES_ERROR;
				GCC_WARN_UNDECLARED_SELECTOR = YES;
				GCC_WARN_UNINITIALIZED_AUTOS = YES_AGGRESSIVE;
				GCC_WARN_UNUSED_FUNCTION = YES;
				GCC_WARN_UNUSED_VARIABLE = YES;
				IPHONEOS_DEPLOYMENT_TARGET = 15.0;
				MTL_ENABLE_DEBUG_INFO = INCLUDE_SOURCE;
				MTL_FAST_MATH = YES;
				ONLY_ACTIVE_ARCH = YES;
				SDKROOT = iphoneos;
				SWIFT_ACTIVE_COMPILATION_CONDITIONS = DEBUG;
				SWIFT_OPTIMIZATION_LEVEL = "-Onone";
			};
			name = Debug;
		};
		B26F2F552951E0F000C3A5C6 /* Release */ = {
			isa = XCBuildConfiguration;
			buildSettings = {
				ALWAYS_SEARCH_USER_PATHS = NO;
				CLANG_ANALYZER_NONNULL = YES;
				CLANG_ANALYZER_NUMBER_OBJECT_CONVERSION = YES_AGGRESSIVE;
				CLANG_CXX_LANGUAGE_STANDARD = "gnu++17";
				CLANG_CXX_LIBRARY = "libc++";
				CLANG_ENABLE_MODULES = YES;
				CLANG_ENABLE_OBJC_ARC = YES;
				CLANG_ENABLE_OBJC_WEAK = YES;
				CLANG_WARN_BLOCK_CAPTURE_AUTORELEASING = YES;
				CLANG_WARN_BOOL_CONVERSION = YES;
				CLANG_WARN_COMMA = YES;
				CLANG_WARN_CONSTANT_CONVERSION = YES;
				CLANG_WARN_DEPRECATED_OBJC_IMPLEMENTATIONS = YES;
				CLANG_WARN_DIRECT_OBJC_ISA_USAGE = YES_ERROR;
				CLANG_WARN_DOCUMENTATION_COMMENTS = YES;
				CLANG_WARN_EMPTY_BODY = YES;
				CLANG_WARN_ENUM_CONVERSION = YES;
				CLANG_WARN_INFINITE_RECURSION = YES;
				CLANG_WARN_INT_CONVERSION = YES;
				CLANG_WARN_NON_LITERAL_NULL_CONVERSION = YES;
				CLANG_WARN_OBJC_IMPLICIT_RETAIN_SELF = YES;
				CLANG_WARN_OBJC_LITERAL_CONVERSION = YES;
				CLANG_WARN_OBJC_ROOT_CLASS = YES_ERROR;
				CLANG_WARN_QUOTED_INCLUDE_IN_FRAMEWORK_HEADER = YES;
				CLANG_WARN_RANGE_LOOP_ANALYSIS = YES;
				CLANG_WARN_STRICT_PROTOTYPES = YES;
				CLANG_WARN_SUSPICIOUS_MOVE = YES;
				CLANG_WARN_UNGUARDED_AVAILABILITY = YES_AGGRESSIVE;
				CLANG_WARN_UNREACHABLE_CODE = YES;
				CLANG_WARN__DUPLICATE_METHOD_MATCH = YES;
				COPY_PHASE_STRIP = NO;
				DEBUG_INFORMATION_FORMAT = "dwarf-with-dsym";
				ENABLE_NS_ASSERTIONS = NO;
				ENABLE_STRICT_OBJC_MSGSEND = YES;
				GCC_C_LANGUAGE_STANDARD = gnu11;
				GCC_NO_COMMON_BLOCKS = YES;
				GCC_WARN_64_TO_32_BIT_CONVERSION = YES;
				GCC_WARN_ABOUT_RETURN_TYPE = YES_ERROR;
				GCC_WARN_UNDECLARED_SELECTOR = YES;
				GCC_WARN_UNINITIALIZED_AUTOS = YES_AGGRESSIVE;
				GCC_WARN_UNUSED_FUNCTION = YES;
				GCC_WARN_UNUSED_VARIABLE = YES;
				IPHONEOS_DEPLOYMENT_TARGET = 15.0;
				MTL_ENABLE_DEBUG_INFO = NO;
				MTL_FAST_MATH = YES;
				SDKROOT = iphoneos;
				SWIFT_COMPILATION_MODE = wholemodule;
				SWIFT_OPTIMIZATION_LEVEL = "-O";
				VALIDATE_PRODUCT = YES;
			};
			name = Release;
		};
		B26F2F572951E0F000C3A5C6 /* Debug */ = {
			isa = XCBuildConfiguration;
			buildSettings = {
				ASSETCATALOG_COMPILER_APPICON_NAME = AppIcon;
				ASSETCATALOG_COMPILER_GLOBAL_ACCENT_COLOR_NAME = AccentColor;
				CODE_SIGN_STYLE = Automatic;
				CURRENT_PROJECT_VERSION = 1;
				DEVELOPMENT_ASSET_PATHS = "\"Project10-12/Preview Content\"";
				ENABLE_PREVIEWS = YES;
				GENERATE_INFOPLIST_FILE = YES;
				INFOPLIST_KEY_UIApplicationSceneManifest_Generation = YES;
				INFOPLIST_KEY_UIApplicationSupportsIndirectInputEvents = YES;
				INFOPLIST_KEY_UILaunchScreen_Generation = YES;
				INFOPLIST_KEY_UISupportedInterfaceOrientations_iPad = "UIInterfaceOrientationPortrait UIInterfaceOrientationPortraitUpsideDown UIInterfaceOrientationLandscapeLeft UIInterfaceOrientationLandscapeRight";
				INFOPLIST_KEY_UISupportedInterfaceOrientations_iPhone = "UIInterfaceOrientationPortrait UIInterfaceOrientationLandscapeLeft UIInterfaceOrientationLandscapeRight";
				LD_RUNPATH_SEARCH_PATHS = (
					"$(inherited)",
					"@executable_path/Frameworks",
				);
				MARKETING_VERSION = 1.0;
				PRODUCT_BUNDLE_IDENTIFIER = "com.mresult.Project10-12";
				PRODUCT_NAME = "$(TARGET_NAME)";
				SWIFT_EMIT_LOC_STRINGS = YES;
				SWIFT_VERSION = 5.0;
				TARGETED_DEVICE_FAMILY = "1,2";
			};
			name = Debug;
		};
		B26F2F582951E0F000C3A5C6 /* Release */ = {
			isa = XCBuildConfiguration;
			buildSettings = {
				ASSETCATALOG_COMPILER_APPICON_NAME = AppIcon;
				ASSETCATALOG_COMPILER_GLOBAL_ACCENT_COLOR_NAME = AccentColor;
				CODE_SIGN_STYLE = Automatic;
				CURRENT_PROJECT_VERSION = 1;
				DEVELOPMENT_ASSET_PATHS = "\"Project10-12/Preview Content\"";
				ENABLE_PREVIEWS = YES;
				GENERATE_INFOPLIST_FILE = YES;
				INFOPLIST_KEY_UIApplicationSceneManifest_Generation = YES;
				INFOPLIST_KEY_UIApplicationSupportsIndirectInputEvents = YES;
				INFOPLIST_KEY_UILaunchScreen_Generation = YES;
				INFOPLIST_KEY_UISupportedInterfaceOrientations_iPad = "UIInterfaceOrientationPortrait UIInterfaceOrientationPortraitUpsideDown UIInterfaceOrientationLandscapeLeft UIInterfaceOrientationLandscapeRight";
				INFOPLIST_KEY_UISupportedInterfaceOrientations_iPhone = "UIInterfaceOrientationPortrait UIInterfaceOrientationLandscapeLeft UIInterfaceOrientationLandscapeRight";
				LD_RUNPATH_SEARCH_PATHS = (
					"$(inherited)",
					"@executable_path/Frameworks",
				);
				MARKETING_VERSION = 1.0;
				PRODUCT_BUNDLE_IDENTIFIER = "com.mresult.Project10-12";
				PRODUCT_NAME = "$(TARGET_NAME)";
				SWIFT_EMIT_LOC_STRINGS = YES;
				SWIFT_VERSION = 5.0;
				TARGETED_DEVICE_FAMILY = "1,2";
			};
			name = Release;
		};
/* End XCBuildConfiguration section */

/* Begin XCConfigurationList section */
		B26F2F432951E0ED00C3A5C6 /* Build configuration list for PBXProject "Project10-12" */ = {
			isa = XCConfigurationList;
			buildConfigurations = (
				B26F2F542951E0F000C3A5C6 /* Debug */,
				B26F2F552951E0F000C3A5C6 /* Release */,
			);
			defaultConfigurationIsVisible = 0;
			defaultConfigurationName = Release;
		};
		B26F2F562951E0F000C3A5C6 /* Build configuration list for PBXNativeTarget "Project10-12" */ = {
			isa = XCConfigurationList;
			buildConfigurations = (
				B26F2F572951E0F000C3A5C6 /* Debug */,
				B26F2F582951E0F000C3A5C6 /* Release */,
			);
			defaultConfigurationIsVisible = 0;
			defaultConfigurationName = Release;
		};
/* End XCConfigurationList section */

/* Begin XCVersionGroup section */
		B2758ADE2953522700A07D15 /* UserCore.xcdatamodeld */ = {
			isa = XCVersionGroup;
			children = (
				B2758ADF2953522700A07D15 /* UserBook.xcdatamodel */,
			);
			currentVersion = B2758ADF2953522700A07D15 /* UserBook.xcdatamodel */;
			path = UserCore.xcdatamodeld;
			sourceTree = "<group>";
			versionGroupType = wrapper.xcdatamodel;
		};
/* End XCVersionGroup section */
	};
	rootObject = B26F2F402951E0ED00C3A5C6 /* Project object */;
}
